
Microsoft Visual Studio Solution File, Format Version 12.00
# Visual Studio Version 17
VisualStudioVersion = 17.0.31903.59
MinimumVisualStudioVersion = 10.0.40219.1
Project("{FAE04EC0-301F-11D3-BF4B-00C04F79EFBC}") = "desafiotests", "DesafioTests\desafiotests.csproj", "{EA2973CE-9736-4E37-B1FB-A12C2A41356D}"
EndProject
Project("{FAE04EC0-301F-11D3-BF4B-00C04F79EFBC}") = "desafioconsole", "DesafioConsole\desafioconsole.csproj", "{9C214009-CF2C-4DAD-8009-252F7C892E75}"
EndProject
Global
	GlobalSection(SolutionConfigurationPlatforms) = preSolution
		Debug|Any CPU = Debug|Any CPU
		Release|Any CPU = Release|Any CPU
	EndGlobalSection
	GlobalSection(SolutionProperties) = preSolution
		HideSolutionNode = FALSE
	EndGlobalSection
	GlobalSection(ProjectConfigurationPlatforms) = postSolution
		{EA2973CE-9736-4E37-B1FB-A12C2A41356D}.Debug|Any CPU.ActiveCfg = Debug|Any CPU
		{EA2973CE-9736-4E37-B1FB-A12C2A41356D}.Debug|Any CPU.Build.0 = Debug|Any CPU
		{EA2973CE-9736-4E37-B1FB-A12C2A41356D}.Release|Any CPU.ActiveCfg = Release|Any CPU
		{EA2973CE-9736-4E37-B1FB-A12C2A41356D}.Release|Any CPU.Build.0 = Release|Any CPU
		{9C214009-CF2C-4DAD-8009-252F7C892E75}.Debug|Any CPU.ActiveCfg = Debug|Any CPU
		{9C214009-CF2C-4DAD-8009-252F7C892E75}.Debug|Any CPU.Build.0 = Debug|Any CPU
		{9C214009-CF2C-4DAD-8009-252F7C892E75}.Release|Any CPU.ActiveCfg = Release|Any CPU
		{9C214009-CF2C-4DAD-8009-252F7C892E75}.Release|Any CPU.Build.0 = Release|Any CPU
	EndGlobalSection
EndGlobal
